
Microsoft Visual Studio Solution File, Format Version 12.00
# Visual Studio Version 17
VisualStudioVersion = 17.8.34316.72
MinimumVisualStudioVersion = 10.0.40219.1
Project("{FAE04EC0-301F-11D3-BF4B-00C04F79EFBC}") = "ShoeMicroService", "UserMicroService\ShoeMicroService.csproj", "{F4C114F0-2113-4D80-B9D0-2BFC9C2E8A07}"
EndProject
Project("{FAE04EC0-301F-11D3-BF4B-00C04F79EFBC}") = "ApiGateway", "ApiGateway\ApiGateway.csproj", "{D98EE266-93E8-49C8-9FA5-528DB5F50FEC}"
EndProject
Project("{FAE04EC0-301F-11D3-BF4B-00C04F79EFBC}") = "Authentication", "Authentication\Authentication.csproj", "{B76D1713-592E-4EF9-8957-0D21BAF12327}"
EndProject
Global
	GlobalSection(SolutionConfigurationPlatforms) = preSolution
		Debug|Any CPU = Debug|Any CPU
		Release|Any CPU = Release|Any CPU
	EndGlobalSection
	GlobalSection(ProjectConfigurationPlatforms) = postSolution
		{F4C114F0-2113-4D80-B9D0-2BFC9C2E8A07}.Debug|Any CPU.ActiveCfg = Debug|Any CPU
		{F4C114F0-2113-4D80-B9D0-2BFC9C2E8A07}.Debug|Any CPU.Build.0 = Debug|Any CPU
		{F4C114F0-2113-4D80-B9D0-2BFC9C2E8A07}.Release|Any CPU.ActiveCfg = Release|Any CPU
		{F4C114F0-2113-4D80-B9D0-2BFC9C2E8A07}.Release|Any CPU.Build.0 = Release|Any CPU
		{D98EE266-93E8-49C8-9FA5-528DB5F50FEC}.Debug|Any CPU.ActiveCfg = Debug|Any CPU
		{D98EE266-93E8-49C8-9FA5-528DB5F50FEC}.Debug|Any CPU.Build.0 = Debug|Any CPU
		{D98EE266-93E8-49C8-9FA5-528DB5F50FEC}.Release|Any CPU.ActiveCfg = Release|Any CPU
		{D98EE266-93E8-49C8-9FA5-528DB5F50FEC}.Release|Any CPU.Build.0 = Release|Any CPU
		{B76D1713-592E-4EF9-8957-0D21BAF12327}.Debug|Any CPU.ActiveCfg = Debug|Any CPU
		{B76D1713-592E-4EF9-8957-0D21BAF12327}.Debug|Any CPU.Build.0 = Debug|Any CPU
		{B76D1713-592E-4EF9-8957-0D21BAF12327}.Release|Any CPU.ActiveCfg = Release|Any CPU
		{B76D1713-592E-4EF9-8957-0D21BAF12327}.Release|Any CPU.Build.0 = Release|Any CPU
	EndGlobalSection
	GlobalSection(SolutionProperties) = preSolution
		HideSolutionNode = FALSE
	EndGlobalSection
	GlobalSection(ExtensibilityGlobals) = postSolution
		SolutionGuid = {D4F91EA8-54DF-4405-8A28-F62114D30211}
	EndGlobalSection
EndGlobal
